
Microsoft Visual Studio Solution File, Format Version 12.00
# Visual Studio 15
VisualStudioVersion = 15.0.27004.2005
MinimumVisualStudioVersion = 10.0.40219.1
Project("{FAE04EC0-301F-11D3-BF4B-00C04F79EFBC}") = "Day10", "Day10\Day10.csproj", "{8C2C88AB-2786-49F8-9EC3-7FD353D95C41}"
EndProject
Project("{FAE04EC0-301F-11D3-BF4B-00C04F79EFBC}") = "Day01", "Day01\Day01.csproj", "{012DF423-7E80-4FF4-BC92-6A382D2E0B6F}"
EndProject
Project("{FAE04EC0-301F-11D3-BF4B-00C04F79EFBC}") = "Day02", "Day02\Day02.csproj", "{9278E364-D582-4E7A-AC9B-56547BA01BDF}"
EndProject
Project("{FAE04EC0-301F-11D3-BF4B-00C04F79EFBC}") = "Day03", "Day03\Day03.csproj", "{AF8E602F-DAC4-4AD4-B2BD-DF525074DB33}"
EndProject
Project("{FAE04EC0-301F-11D3-BF4B-00C04F79EFBC}") = "Day04", "Day04\Day04.csproj", "{433BA89E-C7DA-4050-BC52-93367AAB6494}"
EndProject
Project("{FAE04EC0-301F-11D3-BF4B-00C04F79EFBC}") = "Day05", "Day05\Day05.csproj", "{0249582E-9BB4-4BCE-8393-8F68C833D7F6}"
EndProject
Project("{FAE04EC0-301F-11D3-BF4B-00C04F79EFBC}") = "Day06", "Day06\Day06.csproj", "{3084F670-4CB0-4C78-8036-D04488F74F27}"
EndProject
Project("{FAE04EC0-301F-11D3-BF4B-00C04F79EFBC}") = "Day07", "Day07\Day07.csproj", "{4D2F07C3-A752-4BEF-B184-761E797F8C7B}"
EndProject
Project("{FAE04EC0-301F-11D3-BF4B-00C04F79EFBC}") = "Day08", "Day08\Day08.csproj", "{3BD5D870-C0EB-4409-9854-63F2A047F44B}"
EndProject
Project("{FAE04EC0-301F-11D3-BF4B-00C04F79EFBC}") = "Day09", "Day09\Day09.csproj", "{763CDCEE-7F20-4590-9A6C-FF7467CD91FA}"
EndProject
Project("{FAE04EC0-301F-11D3-BF4B-00C04F79EFBC}") = "Day11", "Day11\Day11.csproj", "{AA6D56F2-AE81-4EC6-83A9-89FA8371F87C}"
EndProject
Project("{FAE04EC0-301F-11D3-BF4B-00C04F79EFBC}") = "Day12", "Day12\Day12.csproj", "{82301B5D-2FBE-492D-B964-C155DD61ED98}"
EndProject
Project("{FAE04EC0-301F-11D3-BF4B-00C04F79EFBC}") = "Day13", "Day13\Day13.csproj", "{5C42C7FA-D2F5-4AAE-97FC-ACFA40C03C5B}"
EndProject
Project("{FAE04EC0-301F-11D3-BF4B-00C04F79EFBC}") = "Day14", "Day14\Day14.csproj", "{C384605D-6904-4623-A889-4AE21D3D0131}"
EndProject
Project("{FAE04EC0-301F-11D3-BF4B-00C04F79EFBC}") = "Day15", "Day15\Day15.csproj", "{45FF6680-560C-4CD3-BCDC-B4582165250D}"
EndProject
Project("{FAE04EC0-301F-11D3-BF4B-00C04F79EFBC}") = "Day16", "Day16\Day16.csproj", "{5E87A9FB-5C4A-4A14-992A-A615CCC605F4}"
EndProject
Project("{FAE04EC0-301F-11D3-BF4B-00C04F79EFBC}") = "Day17", "Day17\Day17.csproj", "{B8A13A79-8A2C-4555-99FB-B72925C4C13B}"
EndProject
Project("{FAE04EC0-301F-11D3-BF4B-00C04F79EFBC}") = "Day18", "Day18\Day18.csproj", "{AB59CD09-2321-4702-9CAD-CD7E506CB397}"
EndProject
Project("{FAE04EC0-301F-11D3-BF4B-00C04F79EFBC}") = "Day19", "Day19\Day19.csproj", "{1967AE36-920B-44BE-8BF6-017E5B49949E}"
EndProject
Global
	GlobalSection(SolutionConfigurationPlatforms) = preSolution
		Debug|Any CPU = Debug|Any CPU
		Release|Any CPU = Release|Any CPU
	EndGlobalSection
	GlobalSection(ProjectConfigurationPlatforms) = postSolution
		{8C2C88AB-2786-49F8-9EC3-7FD353D95C41}.Debug|Any CPU.ActiveCfg = Debug|Any CPU
		{8C2C88AB-2786-49F8-9EC3-7FD353D95C41}.Debug|Any CPU.Build.0 = Debug|Any CPU
		{8C2C88AB-2786-49F8-9EC3-7FD353D95C41}.Release|Any CPU.ActiveCfg = Release|Any CPU
		{8C2C88AB-2786-49F8-9EC3-7FD353D95C41}.Release|Any CPU.Build.0 = Release|Any CPU
		{012DF423-7E80-4FF4-BC92-6A382D2E0B6F}.Debug|Any CPU.ActiveCfg = Debug|Any CPU
		{012DF423-7E80-4FF4-BC92-6A382D2E0B6F}.Debug|Any CPU.Build.0 = Debug|Any CPU
		{012DF423-7E80-4FF4-BC92-6A382D2E0B6F}.Release|Any CPU.ActiveCfg = Release|Any CPU
		{012DF423-7E80-4FF4-BC92-6A382D2E0B6F}.Release|Any CPU.Build.0 = Release|Any CPU
		{9278E364-D582-4E7A-AC9B-56547BA01BDF}.Debug|Any CPU.ActiveCfg = Debug|Any CPU
		{9278E364-D582-4E7A-AC9B-56547BA01BDF}.Debug|Any CPU.Build.0 = Debug|Any CPU
		{9278E364-D582-4E7A-AC9B-56547BA01BDF}.Release|Any CPU.ActiveCfg = Release|Any CPU
		{9278E364-D582-4E7A-AC9B-56547BA01BDF}.Release|Any CPU.Build.0 = Release|Any CPU
		{AF8E602F-DAC4-4AD4-B2BD-DF525074DB33}.Debug|Any CPU.ActiveCfg = Debug|Any CPU
		{AF8E602F-DAC4-4AD4-B2BD-DF525074DB33}.Debug|Any CPU.Build.0 = Debug|Any CPU
		{AF8E602F-DAC4-4AD4-B2BD-DF525074DB33}.Release|Any CPU.ActiveCfg = Release|Any CPU
		{AF8E602F-DAC4-4AD4-B2BD-DF525074DB33}.Release|Any CPU.Build.0 = Release|Any CPU
		{433BA89E-C7DA-4050-BC52-93367AAB6494}.Debug|Any CPU.ActiveCfg = Debug|Any CPU
		{433BA89E-C7DA-4050-BC52-93367AAB6494}.Debug|Any CPU.Build.0 = Debug|Any CPU
		{433BA89E-C7DA-4050-BC52-93367AAB6494}.Release|Any CPU.ActiveCfg = Release|Any CPU
		{433BA89E-C7DA-4050-BC52-93367AAB6494}.Release|Any CPU.Build.0 = Release|Any CPU
		{0249582E-9BB4-4BCE-8393-8F68C833D7F6}.Debug|Any CPU.ActiveCfg = Debug|Any CPU
		{0249582E-9BB4-4BCE-8393-8F68C833D7F6}.Debug|Any CPU.Build.0 = Debug|Any CPU
		{0249582E-9BB4-4BCE-8393-8F68C833D7F6}.Release|Any CPU.ActiveCfg = Release|Any CPU
		{0249582E-9BB4-4BCE-8393-8F68C833D7F6}.Release|Any CPU.Build.0 = Release|Any CPU
		{3084F670-4CB0-4C78-8036-D04488F74F27}.Debug|Any CPU.ActiveCfg = Debug|Any CPU
		{3084F670-4CB0-4C78-8036-D04488F74F27}.Debug|Any CPU.Build.0 = Debug|Any CPU
		{3084F670-4CB0-4C78-8036-D04488F74F27}.Release|Any CPU.ActiveCfg = Release|Any CPU
		{3084F670-4CB0-4C78-8036-D04488F74F27}.Release|Any CPU.Build.0 = Release|Any CPU
		{4D2F07C3-A752-4BEF-B184-761E797F8C7B}.Debug|Any CPU.ActiveCfg = Debug|Any CPU
		{4D2F07C3-A752-4BEF-B184-761E797F8C7B}.Debug|Any CPU.Build.0 = Debug|Any CPU
		{4D2F07C3-A752-4BEF-B184-761E797F8C7B}.Release|Any CPU.ActiveCfg = Release|Any CPU
		{4D2F07C3-A752-4BEF-B184-761E797F8C7B}.Release|Any CPU.Build.0 = Release|Any CPU
		{3BD5D870-C0EB-4409-9854-63F2A047F44B}.Debug|Any CPU.ActiveCfg = Debug|Any CPU
		{3BD5D870-C0EB-4409-9854-63F2A047F44B}.Debug|Any CPU.Build.0 = Debug|Any CPU
		{3BD5D870-C0EB-4409-9854-63F2A047F44B}.Release|Any CPU.ActiveCfg = Release|Any CPU
		{3BD5D870-C0EB-4409-9854-63F2A047F44B}.Release|Any CPU.Build.0 = Release|Any CPU
		{763CDCEE-7F20-4590-9A6C-FF7467CD91FA}.Debug|Any CPU.ActiveCfg = Debug|Any CPU
		{763CDCEE-7F20-4590-9A6C-FF7467CD91FA}.Debug|Any CPU.Build.0 = Debug|Any CPU
		{763CDCEE-7F20-4590-9A6C-FF7467CD91FA}.Release|Any CPU.ActiveCfg = Release|Any CPU
		{763CDCEE-7F20-4590-9A6C-FF7467CD91FA}.Release|Any CPU.Build.0 = Release|Any CPU
		{AA6D56F2-AE81-4EC6-83A9-89FA8371F87C}.Debug|Any CPU.ActiveCfg = Debug|Any CPU
		{AA6D56F2-AE81-4EC6-83A9-89FA8371F87C}.Debug|Any CPU.Build.0 = Debug|Any CPU
		{AA6D56F2-AE81-4EC6-83A9-89FA8371F87C}.Release|Any CPU.ActiveCfg = Release|Any CPU
		{AA6D56F2-AE81-4EC6-83A9-89FA8371F87C}.Release|Any CPU.Build.0 = Release|Any CPU
		{82301B5D-2FBE-492D-B964-C155DD61ED98}.Debug|Any CPU.ActiveCfg = Debug|Any CPU
		{82301B5D-2FBE-492D-B964-C155DD61ED98}.Debug|Any CPU.Build.0 = Debug|Any CPU
		{82301B5D-2FBE-492D-B964-C155DD61ED98}.Release|Any CPU.ActiveCfg = Release|Any CPU
		{82301B5D-2FBE-492D-B964-C155DD61ED98}.Release|Any CPU.Build.0 = Release|Any CPU
		{5C42C7FA-D2F5-4AAE-97FC-ACFA40C03C5B}.Debug|Any CPU.ActiveCfg = Debug|Any CPU
		{5C42C7FA-D2F5-4AAE-97FC-ACFA40C03C5B}.Debug|Any CPU.Build.0 = Debug|Any CPU
		{5C42C7FA-D2F5-4AAE-97FC-ACFA40C03C5B}.Release|Any CPU.ActiveCfg = Release|Any CPU
		{5C42C7FA-D2F5-4AAE-97FC-ACFA40C03C5B}.Release|Any CPU.Build.0 = Release|Any CPU
		{C384605D-6904-4623-A889-4AE21D3D0131}.Debug|Any CPU.ActiveCfg = Debug|Any CPU
		{C384605D-6904-4623-A889-4AE21D3D0131}.Debug|Any CPU.Build.0 = Debug|Any CPU
		{C384605D-6904-4623-A889-4AE21D3D0131}.Release|Any CPU.ActiveCfg = Release|Any CPU
		{C384605D-6904-4623-A889-4AE21D3D0131}.Release|Any CPU.Build.0 = Release|Any CPU
		{45FF6680-560C-4CD3-BCDC-B4582165250D}.Debug|Any CPU.ActiveCfg = Debug|Any CPU
		{45FF6680-560C-4CD3-BCDC-B4582165250D}.Debug|Any CPU.Build.0 = Debug|Any CPU
		{45FF6680-560C-4CD3-BCDC-B4582165250D}.Release|Any CPU.ActiveCfg = Release|Any CPU
		{45FF6680-560C-4CD3-BCDC-B4582165250D}.Release|Any CPU.Build.0 = Release|Any CPU
		{5E87A9FB-5C4A-4A14-992A-A615CCC605F4}.Debug|Any CPU.ActiveCfg = Debug|Any CPU
		{5E87A9FB-5C4A-4A14-992A-A615CCC605F4}.Debug|Any CPU.Build.0 = Debug|Any CPU
		{5E87A9FB-5C4A-4A14-992A-A615CCC605F4}.Release|Any CPU.ActiveCfg = Release|Any CPU
		{5E87A9FB-5C4A-4A14-992A-A615CCC605F4}.Release|Any CPU.Build.0 = Release|Any CPU
		{B8A13A79-8A2C-4555-99FB-B72925C4C13B}.Debug|Any CPU.ActiveCfg = Debug|Any CPU
		{B8A13A79-8A2C-4555-99FB-B72925C4C13B}.Debug|Any CPU.Build.0 = Debug|Any CPU
		{B8A13A79-8A2C-4555-99FB-B72925C4C13B}.Release|Any CPU.ActiveCfg = Release|Any CPU
		{B8A13A79-8A2C-4555-99FB-B72925C4C13B}.Release|Any CPU.Build.0 = Release|Any CPU
		{AB59CD09-2321-4702-9CAD-CD7E506CB397}.Debug|Any CPU.ActiveCfg = Debug|Any CPU
		{AB59CD09-2321-4702-9CAD-CD7E506CB397}.Debug|Any CPU.Build.0 = Debug|Any CPU
		{AB59CD09-2321-4702-9CAD-CD7E506CB397}.Release|Any CPU.ActiveCfg = Release|Any CPU
		{AB59CD09-2321-4702-9CAD-CD7E506CB397}.Release|Any CPU.Build.0 = Release|Any CPU
		{1967AE36-920B-44BE-8BF6-017E5B49949E}.Debug|Any CPU.ActiveCfg = Debug|Any CPU
		{1967AE36-920B-44BE-8BF6-017E5B49949E}.Debug|Any CPU.Build.0 = Debug|Any CPU
		{1967AE36-920B-44BE-8BF6-017E5B49949E}.Release|Any CPU.ActiveCfg = Release|Any CPU
		{1967AE36-920B-44BE-8BF6-017E5B49949E}.Release|Any CPU.Build.0 = Release|Any CPU
	EndGlobalSection
	GlobalSection(SolutionProperties) = preSolution
		HideSolutionNode = FALSE
	EndGlobalSection
	GlobalSection(ExtensibilityGlobals) = postSolution
		SolutionGuid = {ACFB7662-CD4C-495F-ADED-BA1E029CC382}
	EndGlobalSection
EndGlobal
